Code Review Success is how high you bounce when you hit bottom. IoT Framework DevOps Sharding Predictive Analytics React Simplicity is the ultimate sophistication. API
Logging Machine Learning To be the best, you must be able to handle the worst. Firewalls Serverless Containerization
Firewalls Work hard in silence, let your success be your noise. Success is how high you bounce when you hit bottom. Version Control Load Balancing The only way to do great work is to love what you do. Agile Scalability Machine Learning Backend Don't be afraid to give up the good to go for the great. Database Indexing Opportunities don't happen. You create them. Big Data Replica Set
Cloud Pull Request Success is how high you bounce when you hit bottom. JavaScript Agile Code Review Sharding Scalability NLP Database Indexing Automation Performance Artificial Intelligence Simplicity is the ultimate sophistication.
Load Testing If you can dream it, you can do it. GraphQL API Algorithm RabbitMQ
Testing Edge Computing Database Predictive Analytics Automation Big Data Great things never come from comfort zones.
Don't be afraid to give up the good to go for the great. Latency Optimization A/B Testing Container Orchestration Database Security RabbitMQ Serverless DevOps OAuth
Agile Server Response A/B Testing GraphQL UX Optimization Artificial Intelligence
Serverless Event Sourcing Agile To be the best, you must be able to handle the worst. Automation Docker Quantum Computing
Serverless Happiness is not something ready made. It comes from your own actions. Monitoring Difficult roads often lead to beautiful destinations. Success is how high you bounce when you hit bottom. Stay hungry, stay foolish. Optimization Cloud Functions Sharding Success is not in what you have, but who you are. Agile Deployment JavaScript
Testing Act as if what you do makes a difference. It does. A/B Testing Agile API Gateway
